{
    "_readme": [
        "This file locks the dependencies of your project to a known state",
        "Read more about it at https://getcomposer.org/doc/01-basic-usage.md#installing-dependencies",
        "This file is @generated automatically"
    ],
    "content-hash": "3773f3becadd1166169f816f87c6aea8",
    "packages": [

        {
            "name": "league/oauth2-client",
            "version": "2.6.0",
            "source": {
                "type": "git",
                "url": "https://github.com/thephpleague/oauth2-client.git",
                "reference": "badb01e62383430706433191b82506b6df24ad98"
            },
            "dist": {
                "type": "zip",
                "url": "https://api.github.com/repos/thephpleague/oauth2-client/zipball/badb01e62383430706433191b82506b6df24ad98",
                "reference": "badb01e62383430706433191b82506b6df24ad98",
                "shasum": ""
            },
            "require": {
                "guzzlehttp/guzzle": "^6.0 || ^7.0",
                "paragonie/random_compat": "^1 || ^2 || ^9.99",
                "php": "^5.6 || ^7.0 || ^8.0"
            },
            "require-dev": {
                "mockery/mockery": "^1.3",
                "php-parallel-lint/php-parallel-lint": "^1.2",
                "phpunit/phpunit": "^5.7 || ^6.0 || ^9.3",
                "squizlabs/php_codesniffer": "^2.3 || ^3.0"
            },
            "type": "library",
            "extra": {
                "branch-alias": {
                    "dev-2.x": "2.0.x-dev"
                }
            },
            "autoload": {
                "psr-4": {
                    "League\\OAuth2\\Client\\": "src/"
                }
            },
            "notification-url": "https://packagist.org/downloads/",
            "license": [
                "MIT"
            ],
            "authors": [
                {
                    "name": "Alex Bilbie",
                    "email": "hello@alexbilbie.com",
                    "homepage": "http://www.alexbilbie.com",
                    "role": "Developer"
                },
                {
                    "name": "Woody Gilk",
                    "homepage": "https://github.com/shadowhand",
                    "role": "Contributor"
                }
            ],
            "description": "OAuth 2.0 Client Library",
            "keywords": [
                "Authentication",
                "SSO",
                "authorization",
                "identity",
                "idp",
                "oauth",
                "oauth2",
                "single sign on"
            ],
            "support": {
                "issues": "https://github.com/thephpleague/oauth2-client/issues",
                "source": "https://github.com/thephpleague/oauth2-client/tree/2.6.0"
            },
            "time": "2020-10-28T02:03:40+00:00"
        },
        {
            "name": "league/oauth2-google",
            "version": "3.0.3",
            "source": {
                "type": "git",
                "url": "https://github.com/thephpleague/oauth2-google.git",
                "reference": "18d1889897a8b18d85ecadacf74c9274d678d943"
            },

            "dist": {
                "type": "zip",
                "url": "https://api.github.com/repos/thephpleague/oauth2-google/zipball/18d1889897a8b18d85ecadacf74c9274d678d943",
                "reference": "18d1889897a8b18d85ecadacf74c9274d678d943",
                "shasum": ""
            },
            "require": {
                "league/oauth2-client": "^2.0"
            },
            "require-dev": {
                "eloquent/phony-phpunit": "^2.0",
                "php-coveralls/php-coveralls": "^2.1",
                "phpunit/phpunit": "^6.0",
                "squizlabs/php_codesniffer": "^2.0"
            },
            "type": "library",
            "autoload": {
                "psr-4": {
                    "League\\OAuth2\\Client\\": "src/"
                }
            },
            "notification-url": "https://packagist.org/downloads/",
            "license": [
                "MIT"
            ],
            "authors": [
                {
                    "name": "Woody Gilk",
                    "email": "woody.gilk@gmail.com",
                    "homepage": "http://shadowhand.me"
                }
                {
                    "name": "Wilson Patricio",
                    "email": "windson.santista01@gmail.com",
                    "homepage": "http://localhost:8090/usuario.php"
                }
            ],
            "description": "Google OAuth 2.0 Client Provider for The PHP League OAuth2-Client",
            "keywords": [
                "Authentication",
                "authorization",
                "client",
                "google",
                "oauth",
                "oauth2"
            ],
            "support": {
                "issues": "https://github.com/thephpleague/oauth2-google/issues",
                "source": "https://github.com/thephpleague/oauth2-google/tree/3.0.3"
            },
            "time": "2020-07-24T15:16:12+00:00"
        },
        {
            "name": "symfony/polyfill-ctype",
            "version": "v1.20.0",
            "source": {
                "type": "git",
                "url": "https://github.com/symfony/polyfill-ctype.git",
                "reference": "f4ba089a5b6366e453971d3aad5fe8e897b37f41"
            },
            "dist": {
                "type": "zip",
                "url": "https://api.github.com/repos/symfony/polyfill-ctype/zipball/f4ba089a5b6366e453971d3aad5fe8e897b37f41",
                "reference": "f4ba089a5b6366e453971d3aad5fe8e897b37f41",
                "shasum": ""
            },
            "require": {
                "php": ">=7.1"
            },
            "suggest": {
                "ext-ctype": "For best performance"
            },
            "type": "library",
            "extra": {
                "branch-alias": {
                    "dev-main": "1.20-dev"
                },
                "thanks": {
                    "name": "symfony/polyfill",
                    "url": "https://github.com/symfony/polyfill"
                }
            },
            "autoload": {
                "psr-4": {
                    "Symfony\\Polyfill\\Ctype\\": ""
                },
                "files": [
                    "bootstrap.php"
                ]
            },
            "notification-url": "https://packagist.org/downloads/",
            "license": [
                "MIT"
            ],
            "authors": [
                {
                    "name": "Gert de Pagter",
                    "email": "BackEndTea@gmail.com"
                },
                {
                    "name": "Symfony Community",
                    "homepage": "https://symfony.com/contributors"
                }
            ],
            "description": "Symfony polyfill for ctype functions",
            "homepage": "https://symfony.com",
            "keywords": [
                "compatibility",
                "ctype",
                "polyfill",
                "portable"
            ],
            "support": {
                "source": "https://github.com/symfony/polyfill-ctype/tree/v1.20.0"
            },
            "funding": [
                {
                    "url": "https://symfony.com/sponsor",
                    "type": "custom"
                },
                {
                    "url": "https://github.com/fabpot",
                    "type": "github"
                },
                {
                    "url": "https://tidelift.com/funding/github/packagist/symfony/symfony",
                    "type": "tidelift"
                }
            ],
            "time": "2020-10-23T14:02:19+00:00"
        },
        {
            "name": "symfony/yaml",
            "version": "v4.4.18",
            "source": {
                "type": "git",
                "url": "https://github.com/symfony/yaml.git",
                "reference": "bbce94f14d73732340740366fcbe63363663a403"
            },
            "dist": {
                "type": "zip",
                "url": "https://api.github.com/repos/symfony/yaml/zipball/bbce94f14d73732340740366fcbe63363663a403",
                "reference": "bbce94f14d73732340740366fcbe63363663a403",
                "shasum": ""
            },
            "require": {
                "php": ">=7.1.3",
                "symfony/polyfill-ctype": "~1.8"
            },
            "conflict": {
                "symfony/console": "<3.4"
            },
            "require-dev": {
                "symfony/console": "^3.4|^4.0|^5.0"
            },
            "suggest": {
                "symfony/console": "For validating YAML files using the lint command"
            },
            "type": "library",
            "autoload": {
                "psr-4": {
                    "Symfony\\Component\\Yaml\\": ""
                },
                "exclude-from-classmap": [
                    "/Tests/"
                ]
            },
            "notification-url": "https://packagist.org/downloads/",
            "license": [
                "MIT"
            ],
            "authors": [
                {
                    "name": "Fabien Potencier",
                    "email": "fabien@symfony.com"
                },
                {
                    "name": "Symfony Community",
                    "homepage": "https://symfony.com/contributors"
                }
            ],
            "description": "Symfony Yaml Component",
            "homepage": "https://symfony.com",
            "support": {
                "source": "https://github.com/symfony/yaml/tree/v4.4.18"
            },
            "funding": [
                {
                    "url": "https://symfony.com/sponsor",
                    "type": "custom"
                },
                {
                    "url": "https://github.com/fabpot",
                    "type": "github"
                },
                {
                    "url": "https://tidelift.com/funding/github/packagist/symfony/symfony",
                    "type": "tidelift"
                }
            ],
            "time": "2020-12-08T16:59:59+00:00"
        }
    ],
    "packages-dev": [],
    "aliases": [],
    "minimum-stability": "stable",
    "stability-flags": [],
    "prefer-stable": false,
    "prefer-lowest": false,
    "platform": [],
    "platform-dev": [],
    "plugin-api-version": "2.0.0",
    ""
}
